// !$*UTF8*$!
{
	archiveVersion = 1;
	classes = {
	};
	objectVersion = 77;
	objects = {

/* Begin PBXContainerItemProxy section */
		054DE3212D2F90E900960EB6 /* PBXContainerItemProxy */ = {
			isa = PBXContainerItemProxy;
			containerPortal = 054DE3082D2F90E800960EB6 /* Project object */;
			proxyType = 1;
			remoteGlobalIDString = 054DE30F2D2F90E800960EB6;
			remoteInfo = pizzanow;
		};
		054DE32B2D2F90E900960EB6 /* PBXContainerItemProxy */ = {
			isa = PBXContainerItemProxy;
			containerPortal = 054DE3082D2F90E800960EB6 /* Project object */;
			proxyType = 1;
			remoteGlobalIDString = 054DE30F2D2F90E800960EB6;
			remoteInfo = pizzanow;
		};
/* End PBXContainerItemProxy section */

/* Begin PBXFileReference section */
		054DE3102D2F90E800960EB6 /* pizzanow.app */ = {isa = PBXFileReference; explicitFileType = wrapper.application; includeInIndex = 0; path = pizzanow.app; sourceTree = BUILT_PRODUCTS_DIR; };
		054DE3202D2F90E900960EB6 /* pizzanowTests.xctest */ = {isa = PBXFileReference; explicitFileType = wrapper.cfbundle; includeInIndex = 0; path = pizzanowTests.xctest; sourceTree = BUILT_PRODUCTS_DIR; };
		054DE32A2D2F90E900960EB6 /* pizzanowUITests.xctest */ = {isa = PBXFileReference; explicitFileType = wrapper.cfbundle; includeInIndex = 0; path = pizzanowUITests.xctest; sourceTree = BUILT_PRODUCTS_DIR; };
/* End PBXFileReference section */

/* Begin PBXFileSystemSynchronizedRootGroup section */
		054DE3122D2F90E800960EB6 /* pizzanow */ = {
			isa = PBXFileSystemSynchronizedRootGroup;
			path = pizzanow;
			sourceTree = "<group>";
		};
		054DE3232D2F90E900960EB6 /* pizzanowTests */ = {
			isa = PBXFileSystemSynchronizedRootGroup;
			path = pizzanowTests;
			sourceTree = "<group>";
		};
		054DE32D2D2F90E900960EB6 /* pizzanowUITests */ = {
			isa = PBXFileSystemSynchronizedRootGroup;
			path = pizzanowUITests;
			sourceTree = "<group>";
		};
/* End PBXFileSystemSynchronizedRootGroup section */

/* Begin PBXFrameworksBuildPhase section */
		054DE30D2D2F90E800960EB6 /* Frameworks */ = {
			isa = PBXFrameworksBuildPhase;
			buildActionMask = 2147483647;
			files = (
			);
			runOnlyForDeploymentPostprocessing = 0;
		};
		054DE31D2D2F90E900960EB6 /* Frameworks */ = {
			isa = PBXFrameworksBuildPhase;
			buildActionMask = 2147483647;
			files = (
			);
			runOnlyForDeploymentPostprocessing = 0;
		};
		054DE3272D2F90E900960EB6 /* Frameworks */ = {
			isa = PBXFrameworksBuildPhase;
			buildActionMask = 2147483647;
			files = (
			);
			runOnlyForDeploymentPostprocessing = 0;
		};
/* End PBXFrameworksBuildPhase section */

/* Begin PBXGroup section */
		054DE3072D2F90E800960EB6 = {
			isa = PBXGroup;
			children = (
				054DE3122D2F90E800960EB6 /* pizzanow */,
				054DE3232D2F90E900960EB6 /* pizzanowTests */,
				054DE32D2D2F90E900960EB6 /* pizzanowUITests */,
				054DE3112D2F90E800960EB6 /* Products */,
			);
			sourceTree = "<group>";
		};
		054DE3112D2F90E800960EB6 /* Products */ = {
			isa = PBXGroup;
			children = (
				054DE3102D2F90E800960EB6 /* pizzanow.app */,
				054DE3202D2F90E900960EB6 /* pizzanowTests.xctest */,
				054DE32A2D2F90E900960EB6 /* pizzanowUITests.xctest */,
			);
			name = Products;
			sourceTree = "<group>";
		};
/* End PBXGroup section */

/* Begin PBXNativeTarget section */
		054DE30F2D2F90E800960EB6 /* pizzanow */ = {
			isa = PBXNativeTarget;
			buildConfigurationList = 054DE3342D2F90E900960EB6 /* Build configuration list for PBXNativeTarget "pizzanow" */;
			buildPhases = (
				054DE30C2D2F90E800960EB6 /* Sources */,
				054DE30D2D2F90E800960EB6 /* Frameworks */,
				054DE30E2D2F90E800960EB6 /* Resources */,
			);
			buildRules = (
			);
			dependencies = (
			);
			fileSystemSynchronizedGroups = (
				054DE3122D2F90E800960EB6 /* pizzanow */,
			);
			name = pizzanow;
			packageProductDependencies = (
			);
			productName = pizzanow;
			productReference = 054DE3102D2F90E800960EB6 /* pizzanow.app */;
			productType = "com.apple.product-type.application";
		};
		054DE31F2D2F90E900960EB6 /* pizzanowTests */ = {
			isa = PBXNativeTarget;
			buildConfigurationList = 054DE3372D2F90E900960EB6 /* Build configuration list for PBXNativeTarget "pizzanowTests" */;
			buildPhases = (
				054DE31C2D2F90E900960EB6 /* Sources */,
				054DE31D2D2F90E900960EB6 /* Frameworks */,
				054DE31E2D2F90E900960EB6 /* Resources */,
			);
			buildRules = (
			);
			dependencies = (
				054DE3222D2F90E900960EB6 /* PBXTargetDependency */,
			);
			fileSystemSynchronizedGroups = (
				054DE3232D2F90E900960EB6 /* pizzanowTests */,
			);
			name = pizzanowTests;
			packageProductDependencies = (
			);
			productName = pizzanowTests;
			productReference = 054DE3202D2F90E900960EB6 /* pizzanowTests.xctest */;
			productType = "com.apple.product-type.bundle.unit-test";
		};
		054DE3292D2F90E900960EB6 /* pizzanowUITests */ = {
			isa = PBXNativeTarget;
			buildConfigurationList = 054DE33A2D2F90E900960EB6 /* Build configuration list for PBXNativeTarget "pizzanowUITests" */;
			buildPhases = (
				054DE3262D2F90E900960EB6 /* Sources */,
				054DE3272D2F90E900960EB6 /* Frameworks */,
				054DE3282D2F90E900960EB6 /* Resources */,
			);
			buildRules = (
			);
			dependencies = (
				054DE32C2D2F90E900960EB6 /* PBXTargetDependency */,
			);
			fileSystemSynchronizedGroups = (
				054DE32D2D2F90E900960EB6 /* pizzanowUITests */,
			);
			name = pizzanowUITests;
			packageProductDependencies = (
			);
			productName = pizzanowUITests;
			productReference = 054DE32A2D2F90E900960EB6 /* pizzanowUITests.xctest */;
			productType = "com.apple.product-type.bundle.ui-testing";
		};
/* End PBXNativeTarget section */

/* Begin PBXProject section */
		054DE3082D2F90E800960EB6 /* Project object */ = {
			isa = PBXProject;
			attributes = {
				BuildIndependentTargetsInParallel = 1;
				LastSwiftUpdateCheck = 1620;
				LastUpgradeCheck = 1620;
				TargetAttributes = {
					054DE30F2D2F90E800960EB6 = {
						CreatedOnToolsVersion = 16.2;
					};
					054DE31F2D2F90E900960EB6 = {
						CreatedOnToolsVersion = 16.2;
						TestTargetID = 054DE30F2D2F90E800960EB6;
					};
					054DE3292D2F90E900960EB6 = {
						CreatedOnToolsVersion = 16.2;
						TestTargetID = 054DE30F2D2F90E800960EB6;
					};
				};
			};
			buildConfigurationList = 054DE30B2D2F90E800960EB6 /* Build configuration list for PBXProject "pizzanow" */;
			developmentRegion = en;
			hasScannedForEncodings = 0;
			knownRegions = (
				en,
				Base,
			);
			mainGroup = 054DE3072D2F90E800960EB6;
			minimizedProjectReferenceProxies = 1;
			preferredProjectObjectVersion = 77;
			productRefGroup = 054DE3112D2F90E800960EB6 /* Products */;
			projectDirPath = "";
			projectRoot = "";
			targets = (
				054DE30F2D2F90E800960EB6 /* pizzanow */,
				054DE31F2D2F90E900960EB6 /* pizzanowTests */,
				054DE3292D2F90E900960EB6 /* pizzanowUITests */,
			);
		};
/* End PBXProject section */

/* Begin PBXResourcesBuildPhase section */
		054DE30E2D2F90E800960EB6 /* Resources */ = {
			isa = PBXResourcesBuildPhase;
			buildActionMask = 2147483647;
			files = (
			);
			runOnlyForDeploymentPostprocessing = 0;
		};
		054DE31E2D2F90E900960EB6 /* Resources */ = {
			isa = PBXResourcesBuildPhase;
			buildActionMask = 2147483647;
			files = (
			);
			runOnlyForDeploymentPostprocessing = 0;
		};
		054DE3282D2F90E900960EB6 /* Resources */ = {
			isa = PBXResourcesBuildPhase;
			buildActionMask = 2147483647;
			files = (
			);
			runOnlyForDeploymentPostprocessing = 0;
		};
/* End PBXResourcesBuildPhase section */

/* Begin PBXSourcesBuildPhase section */
		054DE30C2D2F90E800960EB6 /* Sources */ = {
			isa = PBXSourcesBuildPhase;
			buildActionMask = 2147483647;
			files = (
			);
			runOnlyForDeploymentPostprocessing = 0;
		};
		054DE31C2D2F90E900960EB6 /* Sources */ = {
			isa = PBXSourcesBuildPhase;
			buildActionMask = 2147483647;
			files = (
			);
			runOnlyForDeploymentPostprocessing = 0;
		};
		054DE3262D2F90E900960EB6 /* Sources */ = {
			isa = PBXSourcesBuildPhase;
			buildActionMask = 2147483647;
			files = (
			);
			runOnlyForDeploymentPostprocessing = 0;
		};
/* End PBXSourcesBuildPhase section */

/* Begin PBXTargetDependency section */
		054DE3222D2F90E900960EB6 /* PBXTargetDependency */ = {
			isa = PBXTargetDependency;
			target = 054DE30F2D2F90E800960EB6 /* pizzanow */;
			targetProxy = 054DE3212D2F90E900960EB6 /* PBXContainerItemProxy */;
		};
		054DE32C2D2F90E900960EB6 /* PBXTargetDependency */ = {
			isa = PBXTargetDependency;
			target = 054DE30F2D2F90E800960EB6 /* pizzanow */;
			targetProxy = 054DE32B2D2F90E900960EB6 /* PBXContainerItemProxy */;
		};
/* End PBXTargetDependency section */

/* Begin XCBuildConfiguration section */
		054DE3322D2F90E900960EB6 /* Debug */ = {
			isa = XCBuildConfiguration;
			buildSettings = {
				ALWAYS_SEARCH_USER_PATHS = NO;
				ASSETCATALOG_COMPILER_GENERATE_SWIFT_ASSET_SYMBOL_EXTENSIONS = YES;
				CLANG_ANALYZER_NONNULL = YES;
				CLANG_ANALYZER_NUMBER_OBJECT_CONVERSION = YES_AGGRESSIVE;
				CLANG_CXX_LANGUAGE_STANDARD = "gnu++20";
				CLANG_ENABLE_MODULES = YES;
				CLANG_ENABLE_OBJC_ARC = YES;
				CLANG_ENABLE_OBJC_WEAK = YES;
				CLANG_WARN_BLOCK_CAPTURE_AUTORELEASING = YES;
				CLANG_WARN_BOOL_CONVERSION = YES;
				CLANG_WARN_COMMA = YES;
				CLANG_WARN_CONSTANT_CONVERSION = YES;
				CLANG_WARN_DEPRECATED_OBJC_IMPLEMENTATIONS = YES;
				CLANG_WARN_DIRECT_OBJC_ISA_USAGE = YES_ERROR;
				CLANG_WARN_DOCUMENTATION_COMMENTS = YES;
				CLANG_WARN_EMPTY_BODY = YES;
				CLANG_WARN_ENUM_CONVERSION = YES;
				CLANG_WARN_INFINITE_RECURSION = YES;
				CLANG_WARN_INT_CONVERSION = YES;
				CLANG_WARN_NON_LITERAL_NULL_CONVERSION = YES;
				CLANG_WARN_OBJC_IMPLICIT_RETAIN_SELF = YES;
				CLANG_WARN_OBJC_LITERAL_CONVERSION = YES;
				CLANG_WARN_OBJC_ROOT_CLASS = YES_ERROR;
				CLANG_WARN_QUOTED_INCLUDE_IN_FRAMEWORK_HEADER = YES;
				CLANG_WARN_RANGE_LOOP_ANALYSIS = YES;
				CLANG_WARN_STRICT_PROTOTYPES = YES;
				CLANG_WARN_SUSPICIOUS_MOVE = YES;
				CLANG_WARN_UNGUARDED_AVAILABILITY = YES_AGGRESSIVE;
				CLANG_WARN_UNREACHABLE_CODE = YES;
				CLANG_WARN__DUPLICATE_METHOD_MATCH = YES;
				COPY_PHASE_STRIP = NO;
				DEBUG_INFORMATION_FORMAT = dwarf;
				ENABLE_STRICT_OBJC_MSGSEND = YES;
				ENABLE_TESTABILITY = YES;
				ENABLE_USER_SCRIPT_SANDBOXING = YES;
				GCC_C_LANGUAGE_STANDARD = gnu17;
				GCC_DYNAMIC_NO_PIC = NO;
				GCC_NO_COMMON_BLOCKS = YES;
				GCC_OPTIMIZATION_LEVEL = 0;
				GCC_PREPROCESSOR_DEFINITIONS = (
					"DEBUG=1",
					"$(inherited)",
				);
				GCC_WARN_64_TO_32_BIT_CONVERSION = YES;
				GCC_WARN_ABOUT_RETURN_TYPE = YES_ERROR;
				GCC_WARN_UNDECLARED_SELECTOR = YES;
				GCC_WARN_UNINITIALIZED_AUTOS = YES_AGGRESSIVE;
				GCC_WARN_UNUSED_FUNCTION = YES;
				GCC_WARN_UNUSED_VARIABLE = YES;
				IPHONEOS_DEPLOYMENT_TARGET = 18.2;
				LOCALIZATION_PREFERS_STRING_CATALOGS = YES;
				MTL_ENABLE_DEBUG_INFO = INCLUDE_SOURCE;
				MTL_FAST_MATH = YES;
				ONLY_ACTIVE_ARCH = YES;
				SDKROOT = iphoneos;
				SWIFT_ACTIVE_COMPILATION_CONDITIONS = "DEBUG $(inherited)";
				SWIFT_OPTIMIZATION_LEVEL = "-Onone";
			};
			name = Debug;
		};
		054DE3332D2F90E900960EB6 /* Release */ = {
			isa = XCBuildConfiguration;
			buildSettings = {
				ALWAYS_SEARCH_USER_PATHS = NO;
				ASSETCATALOG_COMPILER_GENERATE_SWIFT_ASSET_SYMBOL_EXTENSIONS = YES;
				CLANG_ANALYZER_NONNULL = YES;
				CLANG_ANALYZER_NUMBER_OBJECT_CONVERSION = YES_AGGRESSIVE;
				CLANG_CXX_LANGUAGE_STANDARD = "gnu++20";
				CLANG_ENABLE_MODULES = YES;
				CLANG_ENABLE_OBJC_ARC = YES;
				CLANG_ENABLE_OBJC_WEAK = YES;
				CLANG_WARN_BLOCK_CAPTURE_AUTORELEASING = YES;
				CLANG_WARN_BOOL_CONVERSION = YES;
				CLANG_WARN_COMMA = YES;
				CLANG_WARN_CONSTANT_CONVERSION = YES;
				CLANG_WARN_DEPRECATED_OBJC_IMPLEMENTATIONS = YES;
				CLANG_WARN_DIRECT_OBJC_ISA_USAGE = YES_ERROR;
				CLANG_WARN_DOCUMENTATION_COMMENTS = YES;
				CLANG_WARN_EMPTY_BODY = YES;
				CLANG_WARN_ENUM_CONVERSION = YES;
				CLANG_WARN_INFINITE_RECURSION = YES;
				CLANG_WARN_INT_CONVERSION = YES;
				CLANG_WARN_NON_LITERAL_NULL_CONVERSION = YES;
				CLANG_WARN_OBJC_IMPLICIT_RETAIN_SELF = YES;
				CLANG_WARN_OBJC_LITERAL_CONVERSION = YES;
				CLANG_WARN_OBJC_ROOT_CLASS = YES_ERROR;
				CLANG_WARN_QUOTED_INCLUDE_IN_FRAMEWORK_HEADER = YES;
				CLANG_WARN_RANGE_LOOP_ANALYSIS = YES;
				CLANG_WARN_STRICT_PROTOTYPES = YES;
				CLANG_WARN_SUSPICIOUS_MOVE = YES;
				CLANG_WARN_UNGUARDED_AVAILABILITY = YES_AGGRESSIVE;
				CLANG_WARN_UNREACHABLE_CODE = YES;
				CLANG_WARN__DUPLICATE_METHOD_MATCH = YES;
				COPY_PHASE_STRIP = NO;
				DEBUG_INFORMATION_FORMAT = "dwarf-with-dsym";
				ENABLE_NS_ASSERTIONS = NO;
				ENABLE_STRICT_OBJC_MSGSEND = YES;
				ENABLE_USER_SCRIPT_SANDBOXING = YES;
				GCC_C_LANGUAGE_STANDARD = gnu17;
				GCC_NO_COMMON_BLOCKS = YES;
				GCC_WARN_64_TO_32_BIT_CONVERSION = YES;
				GCC_WARN_ABOUT_RETURN_TYPE = YES_ERROR;
				GCC_WARN_UNDECLARED_SELECTOR = YES;
				GCC_WARN_UNINITIALIZED_AUTOS = YES_AGGRESSIVE;
				GCC_WARN_UNUSED_FUNCTION = YES;
				GCC_WARN_UNUSED_VARIABLE = YES;
				IPHONEOS_DEPLOYMENT_TARGET = 18.2;
				LOCALIZATION_PREFERS_STRING_CATALOGS = YES;
				MTL_ENABLE_DEBUG_INFO = NO;
				MTL_FAST_MATH = YES;
				SDKROOT = iphoneos;
				SWIFT_COMPILATION_MODE = wholemodule;
				VALIDATE_PRODUCT = YES;
			};
			name = Release;
		};
		054DE3352D2F90E900960EB6 /* Debug */ = {
			isa = XCBuildConfiguration;
			buildSettings = {
				ASSETCATALOG_COMPILER_APPICON_NAME = AppIcon;
				ASSETCATALOG_COMPILER_GLOBAL_ACCENT_COLOR_NAME = AccentColor;
				CODE_SIGN_STYLE = Automatic;
				CURRENT_PROJECT_VERSION = 1;
				DEVELOPMENT_ASSET_PATHS = "\"pizzanow/Preview Content\"";
				DEVELOPMENT_TEAM = 8JA4G3S4JQ;
				ENABLE_PREVIEWS = YES;
				GENERATE_INFOPLIST_FILE = YES;
				INFOPLIST_KEY_UIApplicationSceneManifest_Generation = YES;
				INFOPLIST_KEY_UIApplicationSupportsIndirectInputEvents = YES;
				INFOPLIST_KEY_UILaunchScreen_Generation = YES;
				INFOPLIST_KEY_UISupportedInterfaceOrientations_iPad = "UIInterfaceOrientationPortrait UIInterfaceOrientationPortraitUpsideDown UIInterfaceOrientationLandscapeLeft UIInterfaceOrientationLandscapeRight";
				INFOPLIST_KEY_UISupportedInterfaceOrientations_iPhone = "UIInterfaceOrientationPortrait UIInterfaceOrientationLandscapeLeft UIInterfaceOrientationLandscapeRight";
				LD_RUNPATH_SEARCH_PATHS = (
					"$(inherited)",
					"@executable_path/Frameworks",
				);
				MARKETING_VERSION = 1.0;
				PRODUCT_BUNDLE_IDENTIFIER = com.anchorvale.pizzanow;
				PRODUCT_NAME = "$(TARGET_NAME)";
				SWIFT_EMIT_LOC_STRINGS = YES;
				SWIFT_VERSION = 5.0;
				TARGETED_DEVICE_FAMILY = "1,2";
			};
			name = Debug;
		};
		054DE3362D2F90E900960EB6 /* Release */ = {
			isa = XCBuildConfiguration;
			buildSettings = {
				ASSETCATALOG_COMPILER_APPICON_NAME = AppIcon;
				ASSETCATALOG_COMPILER_GLOBAL_ACCENT_COLOR_NAME = AccentColor;
				CODE_SIGN_STYLE = Automatic;
				CURRENT_PROJECT_VERSION = 1;
				DEVELOPMENT_ASSET_PATHS = "\"pizzanow/Preview Content\"";
				DEVELOPMENT_TEAM = 8JA4G3S4JQ;
				ENABLE_PREVIEWS = YES;
				GENERATE_INFOPLIST_FILE = YES;
				INFOPLIST_KEY_UIApplicationSceneManifest_Generation = YES;
				INFOPLIST_KEY_UIApplicationSupportsIndirectInputEvents = YES;
				INFOPLIST_KEY_UILaunchScreen_Generation = YES;
				INFOPLIST_KEY_UISupportedInterfaceOrientations_iPad = "UIInterfaceOrientationPortrait UIInterfaceOrientationPortraitUpsideDown UIInterfaceOrientationLandscapeLeft UIInterfaceOrientationLandscapeRight";
				INFOPLIST_KEY_UISupportedInterfaceOrientations_iPhone = "UIInterfaceOrientationPortrait UIInterfaceOrientationLandscapeLeft UIInterfaceOrientationLandscapeRight";
				LD_RUNPATH_SEARCH_PATHS = (
					"$(inherited)",
					"@executable_path/Frameworks",
				);
				MARKETING_VERSION = 1.0;
				PRODUCT_BUNDLE_IDENTIFIER = com.anchorvale.pizzanow;
				PRODUCT_NAME = "$(TARGET_NAME)";
				SWIFT_EMIT_LOC_STRINGS = YES;
				SWIFT_VERSION = 5.0;
				TARGETED_DEVICE_FAMILY = "1,2";
			};
			name = Release;
		};
		054DE3382D2F90E900960EB6 /* Debug */ = {
			isa = XCBuildConfiguration;
			buildSettings = {
				BUNDLE_LOADER = "$(TEST_HOST)";
				CODE_SIGN_STYLE = Automatic;
				CURRENT_PROJECT_VERSION = 1;
				DEVELOPMENT_TEAM = 8JA4G3S4JQ;
				GENERATE_INFOPLIST_FILE = YES;
				IPHONEOS_DEPLOYMENT_TARGET = 18.2;
				MARKETING_VERSION = 1.0;
				PRODUCT_BUNDLE_IDENTIFIER = com.anchorvale.pizzanowTests;
				PRODUCT_NAME = "$(TARGET_NAME)";
				SWIFT_EMIT_LOC_STRINGS = NO;
				SWIFT_VERSION = 5.0;
				TARGETED_DEVICE_FAMILY = "1,2";
				TEST_HOST = "$(BUILT_PRODUCTS_DIR)/pizzanow.app/$(BUNDLE_EXECUTABLE_FOLDER_PATH)/pizzanow";
			};
			name = Debug;
		};
		054DE3392D2F90E900960EB6 /* Release */ = {
			isa = XCBuildConfiguration;
			buildSettings = {
				BUNDLE_LOADER = "$(TEST_HOST)";
				CODE_SIGN_STYLE = Automatic;
				CURRENT_PROJECT_VERSION = 1;
				DEVELOPMENT_TEAM = 8JA4G3S4JQ;
				GENERATE_INFOPLIST_FILE = YES;
				IPHONEOS_DEPLOYMENT_TARGET = 18.2;
				MARKETING_VERSION = 1.0;
				PRODUCT_BUNDLE_IDENTIFIER = com.anchorvale.pizzanowTests;
				PRODUCT_NAME = "$(TARGET_NAME)";
				SWIFT_EMIT_LOC_STRINGS = NO;
				SWIFT_VERSION = 5.0;
				TARGETED_DEVICE_FAMILY = "1,2";
				TEST_HOST = "$(BUILT_PRODUCTS_DIR)/pizzanow.app/$(BUNDLE_EXECUTABLE_FOLDER_PATH)/pizzanow";
			};
			name = Release;
		};
		054DE33B2D2F90E900960EB6 /* Debug */ = {
			isa = XCBuildConfiguration;
			buildSettings = {
				CODE_SIGN_STYLE = Automatic;
				CURRENT_PROJECT_VERSION = 1;
				DEVELOPMENT_TEAM = 8JA4G3S4JQ;
				GENERATE_INFOPLIST_FILE = YES;
				MARKETING_VERSION = 1.0;
				PRODUCT_BUNDLE_IDENTIFIER = com.anchorvale.pizzanowUITests;
				PRODUCT_NAME = "$(TARGET_NAME)";
				SWIFT_EMIT_LOC_STRINGS = NO;
				SWIFT_VERSION = 5.0;
				TARGETED_DEVICE_FAMILY = "1,2";
				TEST_TARGET_NAME = pizzanow;
			};
			name = Debug;
		};
		054DE33C2D2F90E900960EB6 /* Release */ = {
			isa = XCBuildConfiguration;
			buildSettings = {
				CODE_SIGN_STYLE = Automatic;
				CURRENT_PROJECT_VERSION = 1;
				DEVELOPMENT_TEAM = 8JA4G3S4JQ;
				GENERATE_INFOPLIST_FILE = YES;
				MARKETING_VERSION = 1.0;
				PRODUCT_BUNDLE_IDENTIFIER = com.anchorvale.pizzanowUITests;
				PRODUCT_NAME = "$(TARGET_NAME)";
				SWIFT_EMIT_LOC_STRINGS = NO;
				SWIFT_VERSION = 5.0;
				TARGETED_DEVICE_FAMILY = "1,2";
				TEST_TARGET_NAME = pizzanow;
			};
			name = Release;
		};
/* End XCBuildConfiguration section */

/* Begin XCConfigurationList section */
		054DE30B2D2F90E800960EB6 /* Build configuration list for PBXProject "pizzanow" */ = {
			isa = XCConfigurationList;
			buildConfigurations = (
				054DE3322D2F90E900960EB6 /* Debug */,
				054DE3332D2F90E900960EB6 /* Release */,
			);
			defaultConfigurationIsVisible = 0;
			defaultConfigurationName = Release;
		};
		054DE3342D2F90E900960EB6 /* Build configuration list for PBXNativeTarget "pizzanow" */ = {
			isa = XCConfigurationList;
			buildConfigurations = (
				054DE3352D2F90E900960EB6 /* Debug */,
				054DE3362D2F90E900960EB6 /* Release */,
			);
			defaultConfigurationIsVisible = 0;
			defaultConfigurationName = Release;
		};
		054DE3372D2F90E900960EB6 /* Build configuration list for PBXNativeTarget "pizzanowTests" */ = {
			isa = XCConfigurationList;
			buildConfigurations = (
				054DE3382D2F90E900960EB6 /* Debug */,
				054DE3392D2F90E900960EB6 /* Release */,
			);
			defaultConfigurationIsVisible = 0;
			defaultConfigurationName = Release;
		};
		054DE33A2D2F90E900960EB6 /* Build configuration list for PBXNativeTarget "pizzanowUITests" */ = {
			isa = XCConfigurationList;
			buildConfigurations = (
				054DE33B2D2F90E900960EB6 /* Debug */,
				054DE33C2D2F90E900960EB6 /* Release */,
			);
			defaultConfigurationIsVisible = 0;
			defaultConfigurationName = Release;
		};
/* End XCConfigurationList section */
	};
	rootObject = 054DE3082D2F90E800960EB6 /* Project object */;
}
